
Microsoft Visual Studio Solution File, Format Version 12.00
Project("{FAE04EC0-301F-11D3-BF4B-00C04F79EFBC}") = "Entry", "Entry\Entry.csproj", "{C083E9D2-701D-44F6-AB25-923CDFDD5181}"
EndProject
Project("{FAE04EC0-301F-11D3-BF4B-00C04F79EFBC}") = "Petal", "Petal\Petal.csproj", "{3D3DA9FC-1A7C-4ED4-A4C6-E0AD319F6A69}"
EndProject
Global
	GlobalSection(SolutionConfigurationPlatforms) = preSolution
		Debug|Any CPU = Debug|Any CPU
		Release|Any CPU = Release|Any CPU
	EndGlobalSection
	GlobalSection(ProjectConfigurationPlatforms) = postSolution
		{C083E9D2-701D-44F6-AB25-923CDFDD5181}.Debug|Any CPU.ActiveCfg = Debug|Any CPU
		{C083E9D2-701D-44F6-AB25-923CDFDD5181}.Debug|Any CPU.Build.0 = Debug|Any CPU
		{C083E9D2-701D-44F6-AB25-923CDFDD5181}.Release|Any CPU.ActiveCfg = Release|Any CPU
		{C083E9D2-701D-44F6-AB25-923CDFDD5181}.Release|Any CPU.Build.0 = Release|Any CPU
		{3D3DA9FC-1A7C-4ED4-A4C6-E0AD319F6A69}.Debug|Any CPU.ActiveCfg = Debug|Any CPU
		{3D3DA9FC-1A7C-4ED4-A4C6-E0AD319F6A69}.Debug|Any CPU.Build.0 = Debug|Any CPU
		{3D3DA9FC-1A7C-4ED4-A4C6-E0AD319F6A69}.Release|Any CPU.ActiveCfg = Release|Any CPU
		{3D3DA9FC-1A7C-4ED4-A4C6-E0AD319F6A69}.Release|Any CPU.Build.0 = Release|Any CPU
	EndGlobalSection
EndGlobal
